{
  "name": "j-crypto-change",
  "version": "1.0.9",
  "lockfileVersion": 3,
  "requires": true,
  "packages": {
    "": {
      "name": "j-crypto-change",
      "version": "1.0.9",
      "license": "MIT",
      "dependencies": {
        "j-crypto-change": "^1.0.2"
      }
    },
    "node_modules/j-crypto-change": {
      "version": "1.0.2",
      "resolved": "https://registry.npmjs.org/j-crypto-change/-/j-crypto-change-1.0.2.tgz",
      "integrity": "sha512-RiUXtOVK0J2xHWLLVuDopGf4McVB9ux5onlfi4HrMo/oHSbpvALNr2yuW35WU2QfdwZFzwaYEGUb8496lKCTzQ==",
      "license": "MIT"
    }
  }
}
